// !$*UTF8*$!
{
	archiveVersion = 1;
	classes = {
	};
	objectVersion = 50;
	objects = {

/* Begin PBXBuildFile section */
		324053D22155B95900F5E1D6 /* AppDelegate.swift in Sources */ = {isa = PBXBuildFile; fileRef = 324053D12155B95900F5E1D6 /* AppDelegate.swift */; };
		324053D42155B95900F5E1D6 /* ViewController.swift in Sources */ = {isa = PBXBuildFile; fileRef = 324053D32155B95900F5E1D6 /* ViewController.swift */; };
		324053D72155B95900F5E1D6 /* Main.storyboard in Resources */ = {isa = PBXBuildFile; fileRef = 324053D52155B95900F5E1D6 /* Main.storyboard */; };
		324053D92155B95C00F5E1D6 /* Assets.xcassets in Resources */ = {isa = PBXBuildFile; fileRef = 324053D82155B95C00F5E1D6 /* Assets.xcassets */; };
		324053DC2155B95C00F5E1D6 /* LaunchScreen.storyboard in Resources */ = {isa = PBXBuildFile; fileRef = 324053DA2155B95C00F5E1D6 /* LaunchScreen.storyboard */; };
		324053E72155B95D00F5E1D6 /* QuizTests.swift in Sources */ = {isa = PBXBuildFile; fileRef = 324053E62155B95D00F5E1D6 /* QuizTests.swift */; };
		324053F22155B95D00F5E1D6 /* QuizUITests.swift in Sources */ = {isa = PBXBuildFile; fileRef = 324053F12155B95D00F5E1D6 /* QuizUITests.swift */; };
/* End PBXBuildFile section */

/* Begin PBXContainerItemProxy section */
		324053E32155B95D00F5E1D6 /* PBXContainerItemProxy */ = {
			isa = PBXContainerItemProxy;
			containerPortal = 324053C62155B95900F5E1D6 /* Project object */;
			proxyType = 1;
			remoteGlobalIDString = 324053CD2155B95900F5E1D6;
			remoteInfo = Quiz;
		};
		324053EE2155B95D00F5E1D6 /* PBXContainerItemProxy */ = {
			isa = PBXContainerItemProxy;
			containerPortal = 324053C62155B95900F5E1D6 /* Project object */;
			proxyType = 1;
			remoteGlobalIDString = 324053CD2155B95900F5E1D6;
			remoteInfo = Quiz;
		};
/* End PBXContainerItemProxy section */

/* Begin PBXFileReference section */
		324053CE2155B95900F5E1D6 /* Quiz.app */ = {isa = PBXFileReference; explicitFileType = wrapper.application; includeInIndex = 0; path = Quiz.app; sourceTree = BUILT_PRODUCTS_DIR; };
		324053D12155B95900F5E1D6 /* AppDelegate.swift */ = {isa = PBXFileReference; lastKnownFileType = sourcecode.swift; path = AppDelegate.swift; sourceTree = "<group>"; };
		324053D32155B95900F5E1D6 /* ViewController.swift */ = {isa = PBXFileReference; lastKnownFileType = sourcecode.swift; path = ViewController.swift; sourceTree = "<group>"; };
		324053D62155B95900F5E1D6 /* Base */ = {isa = PBXFileReference; lastKnownFileType = file.storyboard; name = Base; path = Base.lproj/Main.storyboard; sourceTree = "<group>"; };
		324053D82155B95C00F5E1D6 /* Assets.xcassets */ = {isa = PBXFileReference; lastKnownFileType = folder.assetcatalog; path = Assets.xcassets; sourceTree = "<group>"; };
		324053DB2155B95C00F5E1D6 /* Base */ = {isa = PBXFileReference; lastKnownFileType = file.storyboard; name = Base; path = Base.lproj/LaunchScreen.storyboard; sourceTree = "<group>"; };
		324053DD2155B95C00F5E1D6 /* Info.plist */ = {isa = PBXFileReference; lastKnownFileType = text.plist.xml; path = Info.plist; sourceTree = "<group>"; };
		324053E22155B95D00F5E1D6 /* QuizTests.xctest */ = {isa = PBXFileReference; explicitFileType = wrapper.cfbundle; includeInIndex = 0; path = QuizTests.xctest; sourceTree = BUILT_PRODUCTS_DIR; };
		324053E62155B95D00F5E1D6 /* QuizTests.swift */ = {isa = PBXFileReference; lastKnownFileType = sourcecode.swift; path = QuizTests.swift; sourceTree = "<group>"; };
		324053E82155B95D00F5E1D6 /* Info.plist */ = {isa = PBXFileReference; lastKnownFileType = text.plist.xml; path = Info.plist; sourceTree = "<group>"; };
		324053ED2155B95D00F5E1D6 /* QuizUITests.xctest */ = {isa = PBXFileReference; explicitFileType = wrapper.cfbundle; includeInIndex = 0; path = QuizUITests.xctest; sourceTree = BUILT_PRODUCTS_DIR; };
		324053F12155B95D00F5E1D6 /* QuizUITests.swift */ = {isa = PBXFileReference; lastKnownFileType = sourcecode.swift; path = QuizUITests.swift; sourceTree = "<group>"; };
		324053F32155B95D00F5E1D6 /* Info.plist */ = {isa = PBXFileReference; lastKnownFileType = text.plist.xml; path = Info.plist; sourceTree = "<group>"; };
/* End PBXFileReference section */

/* Begin PBXFrameworksBuildPhase section */
		324053CB2155B95900F5E1D6 /* Frameworks */ = {
			isa = PBXFrameworksBuildPhase;
			buildActionMask = 2147483647;
			files = (
			);
			runOnlyForDeploymentPostprocessing = 0;
		};
		324053DF2155B95D00F5E1D6 /* Frameworks */ = {
			isa = PBXFrameworksBuildPhase;
			buildActionMask = 2147483647;
			files = (
			);
			runOnlyForDeploymentPostprocessing = 0;
		};
		324053EA2155B95D00F5E1D6 /* Frameworks */ = {
			isa = PBXFrameworksBuildPhase;
			buildActionMask = 2147483647;
			files = (
			);
			runOnlyForDeploymentPostprocessing = 0;
		};
/* End PBXFrameworksBuildPhase section */

/* Begin PBXGroup section */
		324053C52155B95900F5E1D6 = {
			isa = PBXGroup;
			children = (
				324053D02155B95900F5E1D6 /* Quiz */,
				324053E52155B95D00F5E1D6 /* QuizTests */,
				324053F02155B95D00F5E1D6 /* QuizUITests */,
				324053CF2155B95900F5E1D6 /* Products */,
			);
			sourceTree = "<group>";
		};
		324053CF2155B95900F5E1D6 /* Products */ = {
			isa = PBXGroup;
			children = (
				324053CE2155B95900F5E1D6 /* Quiz.app */,
				324053E22155B95D00F5E1D6 /* QuizTests.xctest */,
				324053ED2155B95D00F5E1D6 /* QuizUITests.xctest */,
			);
			name = Products;
			sourceTree = "<group>";
		};
		324053D02155B95900F5E1D6 /* Quiz */ = {
			isa = PBXGroup;
			children = (
				324053D12155B95900F5E1D6 /* AppDelegate.swift */,
				324053D32155B95900F5E1D6 /* ViewController.swift */,
				324053D52155B95900F5E1D6 /* Main.storyboard */,
				324053D82155B95C00F5E1D6 /* Assets.xcassets */,
				324053DA2155B95C00F5E1D6 /* LaunchScreen.storyboard */,
				324053DD2155B95C00F5E1D6 /* Info.plist */,
			);
			path = Quiz;
			sourceTree = "<group>";
		};
		324053E52155B95D00F5E1D6 /* QuizTests */ = {
			isa = PBXGroup;
			children = (
				324053E62155B95D00F5E1D6 /* QuizTests.swift */,
				324053E82155B95D00F5E1D6 /* Info.plist */,
			);
			path = QuizTests;
			sourceTree = "<group>";
		};
		324053F02155B95D00F5E1D6 /* QuizUITests */ = {
			isa = PBXGroup;
			children = (
				324053F12155B95D00F5E1D6 /* QuizUITests.swift */,
				324053F32155B95D00F5E1D6 /* Info.plist */,
			);
			path = QuizUITests;
			sourceTree = "<group>";
		};
/* End PBXGroup section */

/* Begin PBXNativeTarget section */
		324053CD2155B95900F5E1D6 /* Quiz */ = {
			isa = PBXNativeTarget;
			buildConfigurationList = 324053F62155B95D00F5E1D6 /* Build configuration list for PBXNativeTarget "Quiz" */;
			buildPhases = (
				324053CA2155B95900F5E1D6 /* Sources */,
				324053CB2155B95900F5E1D6 /* Frameworks */,
				324053CC2155B95900F5E1D6 /* Resources */,
			);
			buildRules = (
			);
			dependencies = (
			);
			name = Quiz;
			productName = Quiz;
			productReference = 324053CE2155B95900F5E1D6 /* Quiz.app */;
			productType = "com.apple.product-type.application";
		};
		324053E12155B95D00F5E1D6 /* QuizTests */ = {
			isa = PBXNativeTarget;
			buildConfigurationList = 324053F92155B95D00F5E1D6 /* Build configuration list for PBXNativeTarget "QuizTests" */;
			buildPhases = (
				324053DE2155B95D00F5E1D6 /* Sources */,
				324053DF2155B95D00F5E1D6 /* Frameworks */,
				324053E02155B95D00F5E1D6 /* Resources */,
			);
			buildRules = (
			);
			dependencies = (
				324053E42155B95D00F5E1D6 /* PBXTargetDependency */,
			);
			name = QuizTests;
			productName = QuizTests;
			productReference = 324053E22155B95D00F5E1D6 /* QuizTests.xctest */;
			productType = "com.apple.product-type.bundle.unit-test";
		};
		324053EC2155B95D00F5E1D6 /* QuizUITests */ = {
			isa = PBXNativeTarget;
			buildConfigurationList = 324053FC2155B95D00F5E1D6 /* Build configuration list for PBXNativeTarget "QuizUITests" */;
			buildPhases = (
				324053E92155B95D00F5E1D6 /* Sources */,
				324053EA2155B95D00F5E1D6 /* Frameworks */,
				324053EB2155B95D00F5E1D6 /* Resources */,
			);
			buildRules = (
			);
			dependencies = (
				324053EF2155B95D00F5E1D6 /* PBXTargetDependency */,
			);
			name = QuizUITests;
			productName = QuizUITests;
			productReference = 324053ED2155B95D00F5E1D6 /* QuizUITests.xctest */;
			productType = "com.apple.product-type.bundle.ui-testing";
		};
/* End PBXNativeTarget section */

/* Begin PBXProject section */
		324053C62155B95900F5E1D6 /* Project object */ = {
			isa = PBXProject;
			attributes = {
				LastSwiftUpdateCheck = 1000;
				LastUpgradeCheck = 1000;
				ORGANIZATIONNAME = TJ;
				TargetAttributes = {
					324053CD2155B95900F5E1D6 = {
						CreatedOnToolsVersion = 10.0;
					};
					324053E12155B95D00F5E1D6 = {
						CreatedOnToolsVersion = 10.0;
						TestTargetID = 324053CD2155B95900F5E1D6;
					};
					324053EC2155B95D00F5E1D6 = {
						CreatedOnToolsVersion = 10.0;
						TestTargetID = 324053CD2155B95900F5E1D6;
					};
				};
			};
			buildConfigurationList = 324053C92155B95900F5E1D6 /* Build configuration list for PBXProject "Quiz" */;
			compatibilityVersion = "Xcode 9.3";
			developmentRegion = en;
			hasScannedForEncodings = 0;
			knownRegions = (
				en,
				Base,
			);
			mainGroup = 324053C52155B95900F5E1D6;
			productRefGroup = 324053CF2155B95900F5E1D6 /* Products */;
			projectDirPath = "";
			projectRoot = "";
			targets = (
				324053CD2155B95900F5E1D6 /* Quiz */,
				324053E12155B95D00F5E1D6 /* QuizTests */,
				324053EC2155B95D00F5E1D6 /* QuizUITests */,
			);
		};
/* End PBXProject section */

/* Begin PBXResourcesBuildPhase section */
		324053CC2155B95900F5E1D6 /* Resources */ = {
			isa = PBXResourcesBuildPhase;
			buildActionMask = 2147483647;
			files = (
				324053DC2155B95C00F5E1D6 /* LaunchScreen.storyboard in Resources */,
				324053D92155B95C00F5E1D6 /* Assets.xcassets in Resources */,
				324053D72155B95900F5E1D6 /* Main.storyboard in Resources */,
			);
			runOnlyForDeploymentPostprocessing = 0;
		};
		324053E02155B95D00F5E1D6 /* Resources */ = {
			isa = PBXResourcesBuildPhase;
			buildActionMask = 2147483647;
			files = (
			);
			runOnlyForDeploymentPostprocessing = 0;
		};
		324053EB2155B95D00F5E1D6 /* Resources */ = {
			isa = PBXResourcesBuildPhase;
			buildActionMask = 2147483647;
			files = (
			);
			runOnlyForDeploymentPostprocessing = 0;
		};
/* End PBXResourcesBuildPhase section */

/* Begin PBXSourcesBuildPhase section */
		324053CA2155B95900F5E1D6 /* Sources */ = {
			isa = PBXSourcesBuildPhase;
			buildActionMask = 2147483647;
			files = (
				324053D42155B95900F5E1D6 /* ViewController.swift in Sources */,
				324053D22155B95900F5E1D6 /* AppDelegate.swift in Sources */,
			);
			runOnlyForDeploymentPostprocessing = 0;
		};
		324053DE2155B95D00F5E1D6 /* Sources */ = {
			isa = PBXSourcesBuildPhase;
			buildActionMask = 2147483647;
			files = (
				324053E72155B95D00F5E1D6 /* QuizTests.swift in Sources */,
			);
			runOnlyForDeploymentPostprocessing = 0;
		};
		324053E92155B95D00F5E1D6 /* Sources */ = {
			isa = PBXSourcesBuildPhase;
			buildActionMask = 2147483647;
			files = (
				324053F22155B95D00F5E1D6 /* QuizUITests.swift in Sources */,
			);
			runOnlyForDeploymentPostprocessing = 0;
		};
/* End PBXSourcesBuildPhase section */

/* Begin PBXTargetDependency section */
		324053E42155B95D00F5E1D6 /* PBXTargetDependency */ = {
			isa = PBXTargetDependency;
			target = 324053CD2155B95900F5E1D6 /* Quiz */;
			targetProxy = 324053E32155B95D00F5E1D6 /* PBXContainerItemProxy */;
		};
		324053EF2155B95D00F5E1D6 /* PBXTargetDependency */ = {
			isa = PBXTargetDependency;
			target = 324053CD2155B95900F5E1D6 /* Quiz */;
			targetProxy = 324053EE2155B95D00F5E1D6 /* PBXContainerItemProxy */;
		};
/* End PBXTargetDependency section */

/* Begin PBXVariantGroup section */
		324053D52155B95900F5E1D6 /* Main.storyboard */ = {
			isa = PBXVariantGroup;
			children = (
				324053D62155B95900F5E1D6 /* Base */,
			);
			name = Main.storyboard;
			sourceTree = "<group>";
		};
		324053DA2155B95C00F5E1D6 /* LaunchScreen.storyboard */ = {
			isa = PBXVariantGroup;
			children = (
				324053DB2155B95C00F5E1D6 /* Base */,
			);
			name = LaunchScreen.storyboard;
			sourceTree = "<group>";
		};
/* End PBXVariantGroup section */

/* Begin XCBuildConfiguration section */
		324053F42155B95D00F5E1D6 /* Debug */ = {
			isa = XCBuildConfiguration;
			buildSettings = {
				ALWAYS_SEARCH_USER_PATHS = NO;
				CLANG_ANALYZER_NONNULL = YES;
				CLANG_ANALYZER_NUMBER_OBJECT_CONVERSION = YES_AGGRESSIVE;
				CLANG_CXX_LANGUAGE_STANDARD = "gnu++14";
				CLANG_CXX_LIBRARY = "libc++";
				CLANG_ENABLE_MODULES = YES;
				CLANG_ENABLE_OBJC_ARC = YES;
				CLANG_ENABLE_OBJC_WEAK = YES;
				CLANG_WARN_BLOCK_CAPTURE_AUTORELEASING = YES;
				CLANG_WARN_BOOL_CONVERSION = YES;
				CLANG_WARN_COMMA = YES;
				CLANG_WARN_CONSTANT_CONVERSION = YES;
				CLANG_WARN_DEPRECATED_OBJC_IMPLEMENTATIONS = YES;
				CLANG_WARN_DIRECT_OBJC_ISA_USAGE = YES_ERROR;
				CLANG_WARN_DOCUMENTATION_COMMENTS = YES;
				CLANG_WARN_EMPTY_BODY = YES;
				CLANG_WARN_ENUM_CONVERSION = YES;
				CLANG_WARN_INFINITE_RECURSION = YES;
				CLANG_WARN_INT_CONVERSION = YES;
				CLANG_WARN_NON_LITERAL_NULL_CONVERSION = YES;
				CLANG_WARN_OBJC_IMPLICIT_RETAIN_SELF = YES;
				CLANG_WARN_OBJC_LITERAL_CONVERSION = YES;
				CLANG_WARN_OBJC_ROOT_CLASS = YES_ERROR;
				CLANG_WARN_RANGE_LOOP_ANALYSIS = YES;
				CLANG_WARN_STRICT_PROTOTYPES = YES;
				CLANG_WARN_SUSPICIOUS_MOVE = YES;
				CLANG_WARN_UNGUARDED_AVAILABILITY = YES_AGGRESSIVE;
				CLANG_WARN_UNREACHABLE_CODE = YES;
				CLANG_WARN__DUPLICATE_METHOD_MATCH = YES;
				CODE_SIGN_IDENTITY = "iPhone Developer";
				COPY_PHASE_STRIP = NO;
				DEBUG_INFORMATION_FORMAT = dwarf;
				ENABLE_STRICT_OBJC_MSGSEND = YES;
				ENABLE_TESTABILITY = YES;
				GCC_C_LANGUAGE_STANDARD = gnu11;
				GCC_DYNAMIC_NO_PIC = NO;
				GCC_NO_COMMON_BLOCKS = YES;
				GCC_OPTIMIZATION_LEVEL = 0;
				GCC_PREPROCESSOR_DEFINITIONS = (
					"DEBUG=1",
					"$(inherited)",
				);
				GCC_WARN_64_TO_32_BIT_CONVERSION = YES;
				GCC_WARN_ABOUT_RETURN_TYPE = YES_ERROR;
				GCC_WARN_UNDECLARED_SELECTOR = YES;
				GCC_WARN_UNINITIALIZED_AUTOS = YES_AGGRESSIVE;
				GCC_WARN_UNUSED_FUNCTION = YES;
				GCC_WARN_UNUSED_VARIABLE = YES;
				IPHONEOS_DEPLOYMENT_TARGET = 12.0;
				MTL_ENABLE_DEBUG_INFO = INCLUDE_SOURCE;
				MTL_FAST_MATH = YES;
				ONLY_ACTIVE_ARCH = YES;
				SDKROOT = iphoneos;
				SWIFT_ACTIVE_COMPILATION_CONDITIONS = DEBUG;
				SWIFT_OPTIMIZATION_LEVEL = "-Onone";
			};
			name = Debug;
		};
		324053F52155B95D00F5E1D6 /* Release */ = {
			isa = XCBuildConfiguration;
			buildSettings = {
				ALWAYS_SEARCH_USER_PATHS = NO;
				CLANG_ANALYZER_NONNULL = YES;
				CLANG_ANALYZER_NUMBER_OBJECT_CONVERSION = YES_AGGRESSIVE;
				CLANG_CXX_LANGUAGE_STANDARD = "gnu++14";
				CLANG_CXX_LIBRARY = "libc++";
				CLANG_ENABLE_MODULES = YES;
				CLANG_ENABLE_OBJC_ARC = YES;
				CLANG_ENABLE_OBJC_WEAK = YES;
				CLANG_WARN_BLOCK_CAPTURE_AUTORELEASING = YES;
				CLANG_WARN_BOOL_CONVERSION = YES;
				CLANG_WARN_COMMA = YES;
				CLANG_WARN_CONSTANT_CONVERSION = YES;
				CLANG_WARN_DEPRECATED_OBJC_IMPLEMENTATIONS = YES;
				CLANG_WARN_DIRECT_OBJC_ISA_USAGE = YES_ERROR;
				CLANG_WARN_DOCUMENTATION_COMMENTS = YES;
				CLANG_WARN_EMPTY_BODY = YES;
				CLANG_WARN_ENUM_CONVERSION = YES;
				CLANG_WARN_INFINITE_RECURSION = YES;
				CLANG_WARN_INT_CONVERSION = YES;
				CLANG_WARN_NON_LITERAL_NULL_CONVERSION = YES;
				CLANG_WARN_OBJC_IMPLICIT_RETAIN_SELF = YES;
				CLANG_WARN_OBJC_LITERAL_CONVERSION = YES;
				CLANG_WARN_OBJC_ROOT_CLASS = YES_ERROR;
				CLANG_WARN_RANGE_LOOP_ANALYSIS = YES;
				CLANG_WARN_STRICT_PROTOTYPES = YES;
				CLANG_WARN_SUSPICIOUS_MOVE = YES;
				CLANG_WARN_UNGUARDED_AVAILABILITY = YES_AGGRESSIVE;
				CLANG_WARN_UNREACHABLE_CODE = YES;
				CLANG_WARN__DUPLICATE_METHOD_MATCH = YES;
				CODE_SIGN_IDENTITY = "iPhone Developer";
				COPY_PHASE_STRIP = NO;
				DEBUG_INFORMATION_FORMAT = "dwarf-with-dsym";
				ENABLE_NS_ASSERTIONS = NO;
				ENABLE_STRICT_OBJC_MSGSEND = YES;
				GCC_C_LANGUAGE_STANDARD = gnu11;
				GCC_NO_COMMON_BLOCKS = YES;
				GCC_WARN_64_TO_32_BIT_CONVERSION = YES;
				GCC_WARN_ABOUT_RETURN_TYPE = YES_ERROR;
				GCC_WARN_UNDECLARED_SELECTOR = YES;
				GCC_WARN_UNINITIALIZED_AUTOS = YES_AGGRESSIVE;
				GCC_WARN_UNUSED_FUNCTION = YES;
				GCC_WARN_UNUSED_VARIABLE = YES;
				IPHONEOS_DEPLOYMENT_TARGET = 12.0;
				MTL_ENABLE_DEBUG_INFO = NO;
				MTL_FAST_MATH = YES;
				SDKROOT = iphoneos;
				SWIFT_COMPILATION_MODE = wholemodule;
				SWIFT_OPTIMIZATION_LEVEL = "-O";
				VALIDATE_PRODUCT = YES;
			};
			name = Release;
		};
		324053F72155B95D00F5E1D6 /* Debug */ = {
			isa = XCBuildConfiguration;
			buildSettings = {
				ASSETCATALOG_COMPILER_APPICON_NAME = AppIcon;
				CODE_SIGN_IDENTITY = "iPhone Developer";
				CODE_SIGN_STYLE = Automatic;
				DEVELOPMENT_TEAM = 73W26BLYS6;
				INFOPLIST_FILE = Quiz/Info.plist;
				LD_RUNPATH_SEARCH_PATHS = (
					"$(inherited)",
					"@executable_path/Frameworks",
				);
				PRODUCT_BUNDLE_IDENTIFIER = com.iosquincyjones.Quiz;
				PRODUCT_NAME = "$(TARGET_NAME)";
				PROVISIONING_PROFILE_SPECIFIER = "";
				SWIFT_VERSION = 4.2;
				TARGETED_DEVICE_FAMILY = "1,2";
			};
			name = Debug;
		};
		324053F82155B95D00F5E1D6 /* Release */ = {
			isa = XCBuildConfiguration;
			buildSettings = {
				ASSETCATALOG_COMPILER_APPICON_NAME = AppIcon;
				CODE_SIGN_IDENTITY = "iPhone Developer";
				CODE_SIGN_STYLE = Automatic;
				DEVELOPMENT_TEAM = 73W26BLYS6;
				INFOPLIST_FILE = Quiz/Info.plist;
				LD_RUNPATH_SEARCH_PATHS = (
					"$(inherited)",
					"@executable_path/Frameworks",
				);
				PRODUCT_BUNDLE_IDENTIFIER = com.iosquincyjones.Quiz;
				PRODUCT_NAME = "$(TARGET_NAME)";
				PROVISIONING_PROFILE_SPECIFIER = "";
				SWIFT_VERSION = 4.2;
				TARGETED_DEVICE_FAMILY = "1,2";
			};
			name = Release;
		};
		324053FA2155B95D00F5E1D6 /* Debug */ = {
			isa = XCBuildConfiguration;
			buildSettings = {
				ALWAYS_EMBED_SWIFT_STANDARD_LIBRARIES = YES;
				BUNDLE_LOADER = "$(TEST_HOST)";
				CODE_SIGN_STYLE = Automatic;
				INFOPLIST_FILE = QuizTests/Info.plist;
				LD_RUNPATH_SEARCH_PATHS = (
					"$(inherited)",
					"@executable_path/Frameworks",
					"@loader_path/Frameworks",
				);
				PRODUCT_BUNDLE_IDENTIFIER = com.iosquincyjones.QuizTests;
				PRODUCT_NAME = "$(TARGET_NAME)";
				SWIFT_VERSION = 4.2;
				TARGETED_DEVICE_FAMILY = "1,2";
				TEST_HOST = "$(BUILT_PRODUCTS_DIR)/Quiz.app/Quiz";
			};
			name = Debug;
		};
		324053FB2155B95D00F5E1D6 /* Release */ = {
			isa = XCBuildConfiguration;
			buildSettings = {
				ALWAYS_EMBED_SWIFT_STANDARD_LIBRARIES = YES;
				BUNDLE_LOADER = "$(TEST_HOST)";
				CODE_SIGN_STYLE = Automatic;
				INFOPLIST_FILE = QuizTests/Info.plist;
				LD_RUNPATH_SEARCH_PATHS = (
					"$(inherited)",
					"@executable_path/Frameworks",
					"@loader_path/Frameworks",
				);
				PRODUCT_BUNDLE_IDENTIFIER = com.iosquincyjones.QuizTests;
				PRODUCT_NAME = "$(TARGET_NAME)";
				SWIFT_VERSION = 4.2;
				TARGETED_DEVICE_FAMILY = "1,2";
				TEST_HOST = "$(BUILT_PRODUCTS_DIR)/Quiz.app/Quiz";
			};
			name = Release;
		};
		324053FD2155B95D00F5E1D6 /* Debug */ = {
			isa = XCBuildConfiguration;
			buildSettings = {
				ALWAYS_EMBED_SWIFT_STANDARD_LIBRARIES = YES;
				CODE_SIGN_STYLE = Automatic;
				INFOPLIST_FILE = QuizUITests/Info.plist;
				LD_RUNPATH_SEARCH_PATHS = (
					"$(inherited)",
					"@executable_path/Frameworks",
					"@loader_path/Frameworks",
				);
				PRODUCT_BUNDLE_IDENTIFIER = com.iosquincyjones.QuizUITests;
				PRODUCT_NAME = "$(TARGET_NAME)";
				SWIFT_VERSION = 4.2;
				TARGETED_DEVICE_FAMILY = "1,2";
				TEST_TARGET_NAME = Quiz;
			};
			name = Debug;
		};
		324053FE2155B95D00F5E1D6 /* Release */ = {
			isa = XCBuildConfiguration;
			buildSettings = {
				ALWAYS_EMBED_SWIFT_STANDARD_LIBRARIES = YES;
				CODE_SIGN_STYLE = Automatic;
				INFOPLIST_FILE = QuizUITests/Info.plist;
				LD_RUNPATH_SEARCH_PATHS = (
					"$(inherited)",
					"@executable_path/Frameworks",
					"@loader_path/Frameworks",
				);
				PRODUCT_BUNDLE_IDENTIFIER = com.iosquincyjones.QuizUITests;
				PRODUCT_NAME = "$(TARGET_NAME)";
				SWIFT_VERSION = 4.2;
				TARGETED_DEVICE_FAMILY = "1,2";
				TEST_TARGET_NAME = Quiz;
			};
			name = Release;
		};
/* End XCBuildConfiguration section */

/* Begin XCConfigurationList section */
		324053C92155B95900F5E1D6 /* Build configuration list for PBXProject "Quiz" */ = {
			isa = XCConfigurationList;
			buildConfigurations = (
				324053F42155B95D00F5E1D6 /* Debug */,
				324053F52155B95D00F5E1D6 /* Release */,
			);
			defaultConfigurationIsVisible = 0;
			defaultConfigurationName = Release;
		};
		324053F62155B95D00F5E1D6 /* Build configuration list for PBXNativeTarget "Quiz" */ = {
			isa = XCConfigurationList;
			buildConfigurations = (
				324053F72155B95D00F5E1D6 /* Debug */,
				324053F82155B95D00F5E1D6 /* Release */,
			);
			defaultConfigurationIsVisible = 0;
			defaultConfigurationName = Release;
		};
		324053F92155B95D00F5E1D6 /* Build configuration list for PBXNativeTarget "QuizTests" */ = {
			isa = XCConfigurationList;
			buildConfigurations = (
				324053FA2155B95D00F5E1D6 /* Debug */,
				324053FB2155B95D00F5E1D6 /* Release */,
			);
			defaultConfigurationIsVisible = 0;
			defaultConfigurationName = Release;
		};
		324053FC2155B95D00F5E1D6 /* Build configuration list for PBXNativeTarget "QuizUITests" */ = {
			isa = XCConfigurationList;
			buildConfigurations = (
				324053FD2155B95D00F5E1D6 /* Debug */,
				324053FE2155B95D00F5E1D6 /* Release */,
			);
			defaultConfigurationIsVisible = 0;
			defaultConfigurationName = Release;
		};
/* End XCConfigurationList section */
	};
	rootObject = 324053C62155B95900F5E1D6 /* Project object */;
}
